
Microsoft Visual Studio Solution File, Format Version 10.00
# Visual Studio 2008
Project("{8BC9CEB8-8B4A-11D0-8D11-00A0C91BC942}") = "ShockShapes", "ShockShapes\ShockShapes.vcproj", "{A861F03B-54E0-4C76-88B5-7C0B21350A46}"
EndProject
Global
	GlobalSection(SolutionConfigurationPlatforms) = preSolution
		Debug|Win32 = Debug|Win32
		Release|Win32 = Release|Win32
	EndGlobalSection
	GlobalSection(ProjectConfigurationPlatforms) = postSolution
		{A861F03B-54E0-4C76-88B5-7C0B21350A46}.Debug|Win32.ActiveCfg = Debug|Win32
		{A861F03B-54E0-4C76-88B5-7C0B21350A46}.Debug|Win32.Build.0 = Debug|Win32
		{A861F03B-54E0-4C76-88B5-7C0B21350A46}.Release|Win32.ActiveCfg = Release|Win32
		{A861F03B-54E0-4C76-88B5-7C0B21350A46}.Release|Win32.Build.0 = Release|Win32
	EndGlobalSection
	GlobalSection(SolutionProperties) = preSolution
		HideSolutionNode = FALSE
	EndGlobalSection
EndGlobal
